
Microsoft Visual Studio Solution File, Format Version 12.00
# Visual Studio Version 16
VisualStudioVersion = 16.0.30621.155
MinimumVisualStudioVersion = 10.0.40219.1
Project("{FAE04EC0-301F-11D3-BF4B-00C04F79EFBC}") = "PruebaTecnicaFinactiva", "PruebaTecnicaFinactiva\PruebaTecnicaFinactiva.csproj", "{0C87D5E6-A344-4A70-90C3-76BB036E4178}"
EndProject
Global
	GlobalSection(SolutionConfigurationPlatforms) = preSolution
		Debug|Any CPU = Debug|Any CPU
		Release|Any CPU = Release|Any CPU
	EndGlobalSection
	GlobalSection(ProjectConfigurationPlatforms) = postSolution
		{0C87D5E6-A344-4A70-90C3-76BB036E4178}.Debug|Any CPU.ActiveCfg = Debug|Any CPU
		{0C87D5E6-A344-4A70-90C3-76BB036E4178}.Debug|Any CPU.Build.0 = Debug|Any CPU
		{0C87D5E6-A344-4A70-90C3-76BB036E4178}.Release|Any CPU.ActiveCfg = Release|Any CPU
		{0C87D5E6-A344-4A70-90C3-76BB036E4178}.Release|Any CPU.Build.0 = Release|Any CPU
	EndGlobalSection
	GlobalSection(SolutionProperties) = preSolution
		HideSolutionNode = FALSE
	EndGlobalSection
	GlobalSection(ExtensibilityGlobals) = postSolution
		SolutionGuid = {C7121F1F-62E6-4894-B684-1D4222918AE2}
	EndGlobalSection
EndGlobal
